
Microsoft Visual Studio Solution File, Format Version 12.00
# Visual Studio Version 17
VisualStudioVersion = 17.5.33502.453
MinimumVisualStudioVersion = 10.0.40219.1
Project("{FAE04EC0-301F-11D3-BF4B-00C04F79EFBC}") = "ExtensionMethods", "ExtensionMethods\ExtensionMethods.csproj", "{08E18C92-BA9B-45D2-B7D4-CF2B8D9A4C04}"
EndProject
Global
	GlobalSection(SolutionConfigurationPlatforms) = preSolution
		Debug|Any CPU = Debug|Any CPU
		Release|Any CPU = Release|Any CPU
	EndGlobalSection
	GlobalSection(ProjectConfigurationPlatforms) = postSolution
		{08E18C92-BA9B-45D2-B7D4-CF2B8D9A4C04}.Debug|Any CPU.ActiveCfg = Debug|Any CPU
		{08E18C92-BA9B-45D2-B7D4-CF2B8D9A4C04}.Debug|Any CPU.Build.0 = Debug|Any CPU
		{08E18C92-BA9B-45D2-B7D4-CF2B8D9A4C04}.Release|Any CPU.ActiveCfg = Release|Any CPU
		{08E18C92-BA9B-45D2-B7D4-CF2B8D9A4C04}.Release|Any CPU.Build.0 = Release|Any CPU
	EndGlobalSection
	GlobalSection(SolutionProperties) = preSolution
		HideSolutionNode = FALSE
	EndGlobalSection
	GlobalSection(ExtensibilityGlobals) = postSolution
		SolutionGuid = {A59FF4BF-1535-4604-9A74-A171A010C7B7}
	EndGlobalSection
EndGlobal
