
Microsoft Visual Studio Solution File, Format Version 12.00
# Visual Studio Version 17
VisualStudioVersion = 17.5.33424.131
MinimumVisualStudioVersion = 10.0.40219.1
Project("{FAE04EC0-301F-11D3-BF4B-00C04F79EFBC}") = "FractionsLib", "FractionsLib\FractionsLib.csproj", "{7CDE9BDE-DA9E-42B7-BAA1-6ED3D8DE0B43}"
EndProject
Project("{FAE04EC0-301F-11D3-BF4B-00C04F79EFBC}") = "FractionLib.UnitTests", "FractionLib.UnitTests\FractionLib.UnitTests.csproj", "{DD4DC57C-745A-4E9E-B7B3-692AFF95C0DE}"
EndProject
Global
	GlobalSection(SolutionConfigurationPlatforms) = preSolution
		Debug|Any CPU = Debug|Any CPU
		Release|Any CPU = Release|Any CPU
	EndGlobalSection
	GlobalSection(ProjectConfigurationPlatforms) = postSolution
		{7CDE9BDE-DA9E-42B7-BAA1-6ED3D8DE0B43}.Debug|Any CPU.ActiveCfg = Debug|Any CPU
		{7CDE9BDE-DA9E-42B7-BAA1-6ED3D8DE0B43}.Debug|Any CPU.Build.0 = Debug|Any CPU
		{7CDE9BDE-DA9E-42B7-BAA1-6ED3D8DE0B43}.Release|Any CPU.ActiveCfg = Release|Any CPU
		{7CDE9BDE-DA9E-42B7-BAA1-6ED3D8DE0B43}.Release|Any CPU.Build.0 = Release|Any CPU
		{DD4DC57C-745A-4E9E-B7B3-692AFF95C0DE}.Debug|Any CPU.ActiveCfg = Debug|Any CPU
		{DD4DC57C-745A-4E9E-B7B3-692AFF95C0DE}.Debug|Any CPU.Build.0 = Debug|Any CPU
		{DD4DC57C-745A-4E9E-B7B3-692AFF95C0DE}.Release|Any CPU.ActiveCfg = Release|Any CPU
		{DD4DC57C-745A-4E9E-B7B3-692AFF95C0DE}.Release|Any CPU.Build.0 = Release|Any CPU
	EndGlobalSection
	GlobalSection(SolutionProperties) = preSolution
		HideSolutionNode = FALSE
	EndGlobalSection
	GlobalSection(ExtensibilityGlobals) = postSolution
		SolutionGuid = {17D376E3-DE06-4E36-BA64-C1CB894545AB}
	EndGlobalSection
EndGlobal
